// !$*UTF8*$!
{
	archiveVersion = 1;
	classes = {
	};
	objectVersion = 77;
	objects = {

/* Begin PBXContainerItemProxy section */
		6B1977A62FD23B2B005E1984 /* PBXContainerItemProxy */ = {
			isa = PBXContainerItemProxy;
			containerPortal = 6B1977902FD23B29005E1984 /* Project object */;
			proxyType = 1;
			remoteGlobalIDString = 6B1977972FD23B29005E1984;
			remoteInfo = WashRackPrototype;
		};
		6B1977B02FD23B2B005E1984 /* PBXContainerItemProxy */ = {
			isa = PBXContainerItemProxy;
			containerPortal = 6B1977902FD23B29005E1984 /* Project object */;
			proxyType = 1;
			remoteGlobalIDString = 6B1977972FD23B29005E1984;
			remoteInfo = WashRackPrototype;
		};
/* End PBXContainerItemProxy section */

/* Begin PBXFileReference section */
		6B1977982FD23B29005E1984 /* WashRackPrototype.app */ = {isa = PBXFileReference; explicitFileType = wrapper.application; includeInIndex = 0; path = WashRackPrototype.app; sourceTree = BUILT_PRODUCTS_DIR; };
		6B1977A52FD23B2B005E1984 /* WashRackPrototypeTests.xctest */ = {isa = PBXFileReference; explicitFileType = wrapper.cfbundle; includeInIndex = 0; path = WashRackPrototypeTests.xctest; sourceTree = BUILT_PRODUCTS_DIR; };
		6B1977AF2FD23B2B005E1984 /* WashRackPrototypeUITests.xctest */ = {isa = PBXFileReference; explicitFileType = wrapper.cfbundle; includeInIndex = 0; path = WashRackPrototypeUITests.xctest; sourceTree = BUILT_PRODUCTS_DIR; };
/* End PBXFileReference section */

/* Begin PBXFileSystemSynchronizedRootGroup section */
		6B19779A2FD23B29005E1984 /* WashRackPrototype */ = {
			isa = PBXFileSystemSynchronizedRootGroup;
			path = WashRackPrototype;
			sourceTree = "<group>";
		};
		6B1977A82FD23B2B005E1984 /* WashRackPrototypeTests */ = {
			isa = PBXFileSystemSynchronizedRootGroup;
			path = WashRackPrototypeTests;
			sourceTree = "<group>";
		};
		6B1977B22FD23B2B005E1984 /* WashRackPrototypeUITests */ = {
			isa = PBXFileSystemSynchronizedRootGroup;
			path = WashRackPrototypeUITests;
			sourceTree = "<group>";
		};
/* End PBXFileSystemSynchronizedRootGroup section */

/* Begin PBXFrameworksBuildPhase section */
		6B1977952FD23B29005E1984 /* Frameworks */ = {
			isa = PBXFrameworksBuildPhase;
			buildActionMask = 2147483647;
			files = (
			);
			runOnlyForDeploymentPostprocessing = 0;
		};
		6B1977A22FD23B2B005E1984 /* Frameworks */ = {
			isa = PBXFrameworksBuildPhase;
			buildActionMask = 2147483647;
			files = (
			);
			runOnlyForDeploymentPostprocessing = 0;
		};
		6B1977AC2FD23B2B005E1984 /* Frameworks */ = {
			isa = PBXFrameworksBuildPhase;
			buildActionMask = 2147483647;
			files = (
			);
			runOnlyForDeploymentPostprocessing = 0;
		};
/* End PBXFrameworksBuildPhase section */

/* Begin PBXGroup section */
		6B19778F2FD23B29005E1984 = {
			isa = PBXGroup;
			children = (
				6B19779A2FD23B29005E1984 /* WashRackPrototype */,
				6B1977A82FD23B2B005E1984 /* WashRackPrototypeTests */,
				6B1977B22FD23B2B005E1984 /* WashRackPrototypeUITests */,
				6B1977992FD23B29005E1984 /* Products */,
			);
			sourceTree = "<group>";
		};
		6B1977992FD23B29005E1984 /* Products */ = {
			isa = PBXGroup;
			children = (
				6B1977982FD23B29005E1984 /* WashRackPrototype.app */,
				6B1977A52FD23B2B005E1984 /* WashRackPrototypeTests.xctest */,
				6B1977AF2FD23B2B005E1984 /* WashRackPrototypeUITests.xctest */,
			);
			name = Products;
			sourceTree = "<group>";
		};
/* End PBXGroup section */

/* Begin PBXNativeTarget section */
		6B1977972FD23B29005E1984 /* WashRackPrototype */ = {
			isa = PBXNativeTarget;
			buildConfigurationList = 6B1977B92FD23B2B005E1984 /* Build configuration list for PBXNativeTarget "WashRackPrototype" */;
			buildPhases = (
				6B1977942FD23B29005E1984 /* Sources */,
				6B1977952FD23B29005E1984 /* Frameworks */,
				6B1977962FD23B29005E1984 /* Resources */,
			);
			buildRules = (
			);
			dependencies = (
			);
			fileSystemSynchronizedGroups = (
				6B19779A2FD23B29005E1984 /* WashRackPrototype */,
			);
			name = WashRackPrototype;
			packageProductDependencies = (
			);
			productName = WashRackPrototype;
			productReference = 6B1977982FD23B29005E1984 /* WashRackPrototype.app */;
			productType = "com.apple.product-type.application";
		};
		6B1977A42FD23B2B005E1984 /* WashRackPrototypeTests */ = {
			isa = PBXNativeTarget;
			buildConfigurationList = 6B1977BC2FD23B2B005E1984 /* Build configuration list for PBXNativeTarget "WashRackPrototypeTests" */;
			buildPhases = (
				6B1977A12FD23B2B005E1984 /* Sources */,
				6B1977A22FD23B2B005E1984 /* Frameworks */,
				6B1977A32FD23B2B005E1984 /* Resources */,
			);
			buildRules = (
			);
			dependencies = (
				6B1977A72FD23B2B005E1984 /* PBXTargetDependency */,
			);
			fileSystemSynchronizedGroups = (
				6B1977A82FD23B2B005E1984 /* WashRackPrototypeTests */,
			);
			name = WashRackPrototypeTests;
			packageProductDependencies = (
			);
			productName = WashRackPrototypeTests;
			productReference = 6B1977A52FD23B2B005E1984 /* WashRackPrototypeTests.xctest */;
			productType = "com.apple.product-type.bundle.unit-test";
		};
		6B1977AE2FD23B2B005E1984 /* WashRackPrototypeUITests */ = {
			isa = PBXNativeTarget;
			buildConfigurationList = 6B1977BF2FD23B2B005E1984 /* Build configuration list for PBXNativeTarget "WashRackPrototypeUITests" */;
			buildPhases = (
				6B1977AB2FD23B2B005E1984 /* Sources */,
				6B1977AC2FD23B2B005E1984 /* Frameworks */,
				6B1977AD2FD23B2B005E1984 /* Resources */,
			);
			buildRules = (
			);
			dependencies = (
				6B1977B12FD23B2B005E1984 /* PBXTargetDependency */,
			);
			fileSystemSynchronizedGroups = (
				6B1977B22FD23B2B005E1984 /* WashRackPrototypeUITests */,
			);
			name = WashRackPrototypeUITests;
			packageProductDependencies = (
			);
			productName = WashRackPrototypeUITests;
			productReference = 6B1977AF2FD23B2B005E1984 /* WashRackPrototypeUITests.xctest */;
			productType = "com.apple.product-type.bundle.ui-testing";
		};
/* End PBXNativeTarget section */

/* Begin PBXProject section */
		6B1977902FD23B29005E1984 /* Project object */ = {
			isa = PBXProject;
			attributes = {
				BuildIndependentTargetsInParallel = 1;
				LastSwiftUpdateCheck = 2650;
				LastUpgradeCheck = 2650;
				TargetAttributes = {
					6B1977972FD23B29005E1984 = {
						CreatedOnToolsVersion = 26.5;
					};
					6B1977A42FD23B2B005E1984 = {
						CreatedOnToolsVersion = 26.5;
						TestTargetID = 6B1977972FD23B29005E1984;
					};
					6B1977AE2FD23B2B005E1984 = {
						CreatedOnToolsVersion = 26.5;
						TestTargetID = 6B1977972FD23B29005E1984;
					};
				};
			};
			buildConfigurationList = 6B1977932FD23B29005E1984 /* Build configuration list for PBXProject "WashRackPrototype" */;
			developmentRegion = en;
			hasScannedForEncodings = 0;
			knownRegions = (
				en,
				Base,
			);
			mainGroup = 6B19778F2FD23B29005E1984;
			minimizedProjectReferenceProxies = 1;
			packageReferences = (
				6B1977C22FD23BE2005E1984 /* XCRemoteSwiftPackageReference "AudioKit" */,
			);
			preferredProjectObjectVersion = 77;
			productRefGroup = 6B1977992FD23B29005E1984 /* Products */;
			projectDirPath = "";
			projectRoot = "";
			targets = (
				6B1977972FD23B29005E1984 /* WashRackPrototype */,
				6B1977A42FD23B2B005E1984 /* WashRackPrototypeTests */,
				6B1977AE2FD23B2B005E1984 /* WashRackPrototypeUITests */,
			);
		};
/* End PBXProject section */

/* Begin PBXResourcesBuildPhase section */
		6B1977962FD23B29005E1984 /* Resources */ = {
			isa = PBXResourcesBuildPhase;
			buildActionMask = 2147483647;
			files = (
			);
			runOnlyForDeploymentPostprocessing = 0;
		};
		6B1977A32FD23B2B005E1984 /* Resources */ = {
			isa = PBXResourcesBuildPhase;
			buildActionMask = 2147483647;
			files = (
			);
			runOnlyForDeploymentPostprocessing = 0;
		};
		6B1977AD2FD23B2B005E1984 /* Resources */ = {
			isa = PBXResourcesBuildPhase;
			buildActionMask = 2147483647;
			files = (
			);
			runOnlyForDeploymentPostprocessing = 0;
		};
/* End PBXResourcesBuildPhase section */

/* Begin PBXSourcesBuildPhase section */
		6B1977942FD23B29005E1984 /* Sources */ = {
			isa = PBXSourcesBuildPhase;
			buildActionMask = 2147483647;
			files = (
			);
			runOnlyForDeploymentPostprocessing = 0;
		};
		6B1977A12FD23B2B005E1984 /* Sources */ = {
			isa = PBXSourcesBuildPhase;
			buildActionMask = 2147483647;
			files = (
			);
			runOnlyForDeploymentPostprocessing = 0;
		};
		6B1977AB2FD23B2B005E1984 /* Sources */ = {
			isa = PBXSourcesBuildPhase;
			buildActionMask = 2147483647;
			files = (
			);
			runOnlyForDeploymentPostprocessing = 0;
		};
/* End PBXSourcesBuildPhase section */

/* Begin PBXTargetDependency section */
		6B1977A72FD23B2B005E1984 /* PBXTargetDependency */ = {
			isa = PBXTargetDependency;
			target = 6B1977972FD23B29005E1984 /* WashRackPrototype */;
			targetProxy = 6B1977A62FD23B2B005E1984 /* PBXContainerItemProxy */;
		};
		6B1977B12FD23B2B005E1984 /* PBXTargetDependency */ = {
			isa = PBXTargetDependency;
			target = 6B1977972FD23B29005E1984 /* WashRackPrototype */;
			targetProxy = 6B1977B02FD23B2B005E1984 /* PBXContainerItemProxy */;
		};
/* End PBXTargetDependency section */

/* Begin XCBuildConfiguration section */
		6B1977B72FD23B2B005E1984 /* Debug */ = {
			isa = XCBuildConfiguration;
			buildSettings = {
				ALWAYS_SEARCH_USER_PATHS = NO;
				ASSETCATALOG_COMPILER_GENERATE_SWIFT_ASSET_SYMBOL_EXTENSIONS = YES;
				CLANG_ANALYZER_NONNULL = YES;
				CLANG_ANALYZER_NUMBER_OBJECT_CONVERSION = YES_AGGRESSIVE;
				CLANG_CXX_LANGUAGE_STANDARD = "gnu++20";
				CLANG_ENABLE_MODULES = YES;
				CLANG_ENABLE_OBJC_ARC = YES;
				CLANG_ENABLE_OBJC_WEAK = YES;
				CLANG_WARN_BLOCK_CAPTURE_AUTORELEASING = YES;
				CLANG_WARN_BOOL_CONVERSION = YES;
				CLANG_WARN_COMMA = YES;
				CLANG_WARN_CONSTANT_CONVERSION = YES;
				CLANG_WARN_DEPRECATED_OBJC_IMPLEMENTATIONS = YES;
				CLANG_WARN_DIRECT_OBJC_ISA_USAGE = YES_ERROR;
				CLANG_WARN_DOCUMENTATION_COMMENTS = YES;
				CLANG_WARN_EMPTY_BODY = YES;
				CLANG_WARN_ENUM_CONVERSION = YES;
				CLANG_WARN_INFINITE_RECURSION = YES;
				CLANG_WARN_INT_CONVERSION = YES;
				CLANG_WARN_NON_LITERAL_NULL_CONVERSION = YES;
				CLANG_WARN_OBJC_IMPLICIT_RETAIN_SELF = YES;
				CLANG_WARN_OBJC_LITERAL_CONVERSION = YES;
				CLANG_WARN_OBJC_ROOT_CLASS = YES_ERROR;
				CLANG_WARN_QUOTED_INCLUDE_IN_FRAMEWORK_HEADER = YES;
				CLANG_WARN_RANGE_LOOP_ANALYSIS = YES;
				CLANG_WARN_STRICT_PROTOTYPES = YES;
				CLANG_WARN_SUSPICIOUS_MOVE = YES;
				CLANG_WARN_UNGUARDED_AVAILABILITY = YES_AGGRESSIVE;
				CLANG_WARN_UNREACHABLE_CODE = YES;
				CLANG_WARN__DUPLICATE_METHOD_MATCH = YES;
				COPY_PHASE_STRIP = NO;
				DEBUG_INFORMATION_FORMAT = dwarf;
				DEVELOPMENT_TEAM = JSLYSSKG9L;
				ENABLE_STRICT_OBJC_MSGSEND = YES;
				ENABLE_TESTABILITY = YES;
				ENABLE_USER_SCRIPT_SANDBOXING = YES;
				GCC_C_LANGUAGE_STANDARD = gnu17;
				GCC_DYNAMIC_NO_PIC = NO;
				GCC_NO_COMMON_BLOCKS = YES;
				GCC_OPTIMIZATION_LEVEL = 0;
				GCC_PREPROCESSOR_DEFINITIONS = (
					"DEBUG=1",
					"$(inherited)",
				);
				GCC_WARN_64_TO_32_BIT_CONVERSION = YES;
				GCC_WARN_ABOUT_RETURN_TYPE = YES_ERROR;
				GCC_WARN_UNDECLARED_SELECTOR = YES;
				GCC_WARN_UNINITIALIZED_AUTOS = YES_AGGRESSIVE;
				GCC_WARN_UNUSED_FUNCTION = YES;
				GCC_WARN_UNUSED_VARIABLE = YES;
				LOCALIZATION_PREFERS_STRING_CATALOGS = YES;
				MACOSX_DEPLOYMENT_TARGET = 26.5;
				MTL_ENABLE_DEBUG_INFO = INCLUDE_SOURCE;
				MTL_FAST_MATH = YES;
				ONLY_ACTIVE_ARCH = YES;
				SDKROOT = macosx;
				SWIFT_ACTIVE_COMPILATION_CONDITIONS = "DEBUG $(inherited)";
				SWIFT_OPTIMIZATION_LEVEL = "-Onone";
			};
			name = Debug;
		};
		6B1977B82FD23B2B005E1984 /* Release */ = {
			isa = XCBuildConfiguration;
			buildSettings = {
				ALWAYS_SEARCH_USER_PATHS = NO;
				ASSETCATALOG_COMPILER_GENERATE_SWIFT_ASSET_SYMBOL_EXTENSIONS = YES;
				CLANG_ANALYZER_NONNULL = YES;
				CLANG_ANALYZER_NUMBER_OBJECT_CONVERSION = YES_AGGRESSIVE;
				CLANG_CXX_LANGUAGE_STANDARD = "gnu++20";
				CLANG_ENABLE_MODULES = YES;
				CLANG_ENABLE_OBJC_ARC = YES;
				CLANG_ENABLE_OBJC_WEAK = YES;
				CLANG_WARN_BLOCK_CAPTURE_AUTORELEASING = YES;
				CLANG_WARN_BOOL_CONVERSION = YES;
				CLANG_WARN_COMMA = YES;
				CLANG_WARN_CONSTANT_CONVERSION = YES;
				CLANG_WARN_DEPRECATED_OBJC_IMPLEMENTATIONS = YES;
				CLANG_WARN_DIRECT_OBJC_ISA_USAGE = YES_ERROR;
				CLANG_WARN_DOCUMENTATION_COMMENTS = YES;
				CLANG_WARN_EMPTY_BODY = YES;
				CLANG_WARN_ENUM_CONVERSION = YES;
				CLANG_WARN_INFINITE_RECURSION = YES;
				CLANG_WARN_INT_CONVERSION = YES;
				CLANG_WARN_NON_LITERAL_NULL_CONVERSION = YES;
				CLANG_WARN_OBJC_IMPLICIT_RETAIN_SELF = YES;
				CLANG_WARN_OBJC_LITERAL_CONVERSION = YES;
				CLANG_WARN_OBJC_ROOT_CLASS = YES_ERROR;
				CLANG_WARN_QUOTED_INCLUDE_IN_FRAMEWORK_HEADER = YES;
				CLANG_WARN_RANGE_LOOP_ANALYSIS = YES;
				CLANG_WARN_STRICT_PROTOTYPES = YES;
				CLANG_WARN_SUSPICIOUS_MOVE = YES;
				CLANG_WARN_UNGUARDED_AVAILABILITY = YES_AGGRESSIVE;
				CLANG_WARN_UNREACHABLE_CODE = YES;
				CLANG_WARN__DUPLICATE_METHOD_MATCH = YES;
				COPY_PHASE_STRIP = NO;
				DEBUG_INFORMATION_FORMAT = "dwarf-with-dsym";
				DEVELOPMENT_TEAM = JSLYSSKG9L;
				ENABLE_NS_ASSERTIONS = NO;
				ENABLE_STRICT_OBJC_MSGSEND = YES;
				ENABLE_USER_SCRIPT_SANDBOXING = YES;
				GCC_C_LANGUAGE_STANDARD = gnu17;
				GCC_NO_COMMON_BLOCKS = YES;
				GCC_WARN_64_TO_32_BIT_CONVERSION = YES;
				GCC_WARN_ABOUT_RETURN_TYPE = YES_ERROR;
				GCC_WARN_UNDECLARED_SELECTOR = YES;
				GCC_WARN_UNINITIALIZED_AUTOS = YES_AGGRESSIVE;
				GCC_WARN_UNUSED_FUNCTION = YES;
				GCC_WARN_UNUSED_VARIABLE = YES;
				LOCALIZATION_PREFERS_STRING_CATALOGS = YES;
				MACOSX_DEPLOYMENT_TARGET = 26.5;
				MTL_ENABLE_DEBUG_INFO = NO;
				MTL_FAST_MATH = YES;
				SDKROOT = macosx;
				SWIFT_COMPILATION_MODE = wholemodule;
			};
			name = Release;
		};
		6B1977BA2FD23B2B005E1984 /* Debug */ = {
			isa = XCBuildConfiguration;
			buildSettings = {
				ASSETCATALOG_COMPILER_APPICON_NAME = AppIcon;
				ASSETCATALOG_COMPILER_GLOBAL_ACCENT_COLOR_NAME = AccentColor;
				CODE_SIGN_STYLE = Automatic;
				COMBINE_HIDPI_IMAGES = YES;
				CURRENT_PROJECT_VERSION = 1;
				DEVELOPMENT_TEAM = JSLYSSKG9L;
				ENABLE_APP_SANDBOX = YES;
				ENABLE_HARDENED_RUNTIME = YES;
				ENABLE_PREVIEWS = YES;
				ENABLE_USER_SELECTED_FILES = readonly;
				GENERATE_INFOPLIST_FILE = YES;
				INFOPLIST_KEY_NSHumanReadableCopyright = "";
				LD_RUNPATH_SEARCH_PATHS = (
					"$(inherited)",
					"@executable_path/../Frameworks",
				);
				MARKETING_VERSION = 1.0;
				PRODUCT_BUNDLE_IDENTIFIER = com.QuinnTech.WashRackPrototype;
				PRODUCT_NAME = "$(TARGET_NAME)";
				REGISTER_APP_GROUPS = YES;
				STRING_CATALOG_GENERATE_SYMBOLS = YES;
				SWIFT_APPROACHABLE_CONCURRENCY = YES;
				SWIFT_DEFAULT_ACTOR_ISOLATION = MainActor;
				SWIFT_EMIT_LOC_STRINGS = YES;
				SWIFT_UPCOMING_FEATURE_MEMBER_IMPORT_VISIBILITY = YES;
				SWIFT_VERSION = 5.0;
			};
			name = Debug;
		};
		6B1977BB2FD23B2B005E1984 /* Release */ = {
			isa = XCBuildConfiguration;
			buildSettings = {
				ASSETCATALOG_COMPILER_APPICON_NAME = AppIcon;
				ASSETCATALOG_COMPILER_GLOBAL_ACCENT_COLOR_NAME = AccentColor;
				CODE_SIGN_STYLE = Automatic;
				COMBINE_HIDPI_IMAGES = YES;
				CURRENT_PROJECT_VERSION = 1;
				DEVELOPMENT_TEAM = JSLYSSKG9L;
				ENABLE_APP_SANDBOX = YES;
				ENABLE_HARDENED_RUNTIME = YES;
				ENABLE_PREVIEWS = YES;
				ENABLE_USER_SELECTED_FILES = readonly;
				GENERATE_INFOPLIST_FILE = YES;
				INFOPLIST_KEY_NSHumanReadableCopyright = "";
				LD_RUNPATH_SEARCH_PATHS = (
					"$(inherited)",
					"@executable_path/../Frameworks",
				);
				MARKETING_VERSION = 1.0;
				PRODUCT_BUNDLE_IDENTIFIER = com.QuinnTech.WashRackPrototype;
				PRODUCT_NAME = "$(TARGET_NAME)";
				REGISTER_APP_GROUPS = YES;
				STRING_CATALOG_GENERATE_SYMBOLS = YES;
				SWIFT_APPROACHABLE_CONCURRENCY = YES;
				SWIFT_DEFAULT_ACTOR_ISOLATION = MainActor;
				SWIFT_EMIT_LOC_STRINGS = YES;
				SWIFT_UPCOMING_FEATURE_MEMBER_IMPORT_VISIBILITY = YES;
				SWIFT_VERSION = 5.0;
			};
			name = Release;
		};
		6B1977BD2FD23B2B005E1984 /* Debug */ = {
			isa = XCBuildConfiguration;
			buildSettings = {
				BUNDLE_LOADER = "$(TEST_HOST)";
				CODE_SIGN_STYLE = Automatic;
				CURRENT_PROJECT_VERSION = 1;
				DEVELOPMENT_TEAM = JSLYSSKG9L;
				GENERATE_INFOPLIST_FILE = YES;
				MACOSX_DEPLOYMENT_TARGET = 26.5;
				MARKETING_VERSION = 1.0;
				PRODUCT_BUNDLE_IDENTIFIER = com.QuinnTech.WashRackPrototypeTests;
				PRODUCT_NAME = "$(TARGET_NAME)";
				STRING_CATALOG_GENERATE_SYMBOLS = NO;
				SWIFT_APPROACHABLE_CONCURRENCY = YES;
				SWIFT_EMIT_LOC_STRINGS = NO;
				SWIFT_UPCOMING_FEATURE_MEMBER_IMPORT_VISIBILITY = YES;
				SWIFT_VERSION = 5.0;
				TEST_HOST = "$(BUILT_PRODUCTS_DIR)/WashRackPrototype.app/$(BUNDLE_EXECUTABLE_FOLDER_PATH)/WashRackPrototype";
			};
			name = Debug;
		};
		6B1977BE2FD23B2B005E1984 /* Release */ = {
			isa = XCBuildConfiguration;
			buildSettings = {
				BUNDLE_LOADER = "$(TEST_HOST)";
				CODE_SIGN_STYLE = Automatic;
				CURRENT_PROJECT_VERSION = 1;
				DEVELOPMENT_TEAM = JSLYSSKG9L;
				GENERATE_INFOPLIST_FILE = YES;
				MACOSX_DEPLOYMENT_TARGET = 26.5;
				MARKETING_VERSION = 1.0;
				PRODUCT_BUNDLE_IDENTIFIER = com.QuinnTech.WashRackPrototypeTests;
				PRODUCT_NAME = "$(TARGET_NAME)";
				STRING_CATALOG_GENERATE_SYMBOLS = NO;
				SWIFT_APPROACHABLE_CONCURRENCY = YES;
				SWIFT_EMIT_LOC_STRINGS = NO;
				SWIFT_UPCOMING_FEATURE_MEMBER_IMPORT_VISIBILITY = YES;
				SWIFT_VERSION = 5.0;
				TEST_HOST = "$(BUILT_PRODUCTS_DIR)/WashRackPrototype.app/$(BUNDLE_EXECUTABLE_FOLDER_PATH)/WashRackPrototype";
			};
			name = Release;
		};
		6B1977C02FD23B2B005E1984 /* Debug */ = {
			isa = XCBuildConfiguration;
			buildSettings = {
				CODE_SIGN_STYLE = Automatic;
				CURRENT_PROJECT_VERSION = 1;
				DEVELOPMENT_TEAM = JSLYSSKG9L;
				GENERATE_INFOPLIST_FILE = YES;
				MARKETING_VERSION = 1.0;
				PRODUCT_BUNDLE_IDENTIFIER = com.QuinnTech.WashRackPrototypeUITests;
				PRODUCT_NAME = "$(TARGET_NAME)";
				STRING_CATALOG_GENERATE_SYMBOLS = NO;
				SWIFT_APPROACHABLE_CONCURRENCY = YES;
				SWIFT_EMIT_LOC_STRINGS = NO;
				SWIFT_UPCOMING_FEATURE_MEMBER_IMPORT_VISIBILITY = YES;
				SWIFT_VERSION = 5.0;
				TEST_TARGET_NAME = WashRackPrototype;
			};
			name = Debug;
		};
		6B1977C12FD23B2B005E1984 /* Release */ = {
			isa = XCBuildConfiguration;
			buildSettings = {
				CODE_SIGN_STYLE = Automatic;
				CURRENT_PROJECT_VERSION = 1;
				DEVELOPMENT_TEAM = JSLYSSKG9L;
				GENERATE_INFOPLIST_FILE = YES;
				MARKETING_VERSION = 1.0;
				PRODUCT_BUNDLE_IDENTIFIER = com.QuinnTech.WashRackPrototypeUITests;
				PRODUCT_NAME = "$(TARGET_NAME)";
				STRING_CATALOG_GENERATE_SYMBOLS = NO;
				SWIFT_APPROACHABLE_CONCURRENCY = YES;
				SWIFT_EMIT_LOC_STRINGS = NO;
				SWIFT_UPCOMING_FEATURE_MEMBER_IMPORT_VISIBILITY = YES;
				SWIFT_VERSION = 5.0;
				TEST_TARGET_NAME = WashRackPrototype;
			};
			name = Release;
		};
/* End XCBuildConfiguration section */

/* Begin XCConfigurationList section */
		6B1977932FD23B29005E1984 /* Build configuration list for PBXProject "WashRackPrototype" */ = {
			isa = XCConfigurationList;
			buildConfigurations = (
				6B1977B72FD23B2B005E1984 /* Debug */,
				6B1977B82FD23B2B005E1984 /* Release */,
			);
			defaultConfigurationIsVisible = 0;
			defaultConfigurationName = Release;
		};
		6B1977B92FD23B2B005E1984 /* Build configuration list for PBXNativeTarget "WashRackPrototype" */ = {
			isa = XCConfigurationList;
			buildConfigurations = (
				6B1977BA2FD23B2B005E1984 /* Debug */,
				6B1977BB2FD23B2B005E1984 /* Release */,
			);
			defaultConfigurationIsVisible = 0;
			defaultConfigurationName = Release;
		};
		6B1977BC2FD23B2B005E1984 /* Build configuration list for PBXNativeTarget "WashRackPrototypeTests" */ = {
			isa = XCConfigurationList;
			buildConfigurations = (
				6B1977BD2FD23B2B005E1984 /* Debug */,
				6B1977BE2FD23B2B005E1984 /* Release */,
			);
			defaultConfigurationIsVisible = 0;
			defaultConfigurationName = Release;
		};
		6B1977BF2FD23B2B005E1984 /* Build configuration list for PBXNativeTarget "WashRackPrototypeUITests" */ = {
			isa = XCConfigurationList;
			buildConfigurations = (
				6B1977C02FD23B2B005E1984 /* Debug */,
				6B1977C12FD23B2B005E1984 /* Release */,
			);
			defaultConfigurationIsVisible = 0;
			defaultConfigurationName = Release;
		};
/* End XCConfigurationList section */

/* Begin XCRemoteSwiftPackageReference section */
		6B1977C22FD23BE2005E1984 /* XCRemoteSwiftPackageReference "AudioKit" */ = {
			isa = XCRemoteSwiftPackageReference;
			repositoryURL = "https://github.com/AudioKit/AudioKit.git";
			requirement = {
				kind = upToNextMajorVersion;
				minimumVersion = 5.7.2;
			};
		};
/* End XCRemoteSwiftPackageReference section */
	};
	rootObject = 6B1977902FD23B29005E1984 /* Project object */;
}
